// !$*UTF8*$!
{
	archiveVersion = 1;
	classes = {
	};
	objectVersion = 56;
	objects = {

/* Begin PBXBuildFile section */
		7E85027A71582405BAFAF54F /* Pods_ShareTrip_STFlightKit.framework in Frameworks */ = {isa = PBXBuildFile; fileRef = 63712F9836923DDB983B1E65 /* Pods_ShareTrip_STFlightKit.framework */; };
		CC908DB62923604B009E0481 /* BaggageResponse.json in Resources */ = {isa = PBXBuildFile; fileRef = CC908DB42923604B009E0481 /* BaggageResponse.json */; };
		CC908DB72923604B009E0481 /* Covid19Test.json in Resources */ = {isa = PBXBuildFile; fileRef = CC908DB52923604B009E0481 /* Covid19Test.json */; };
		CC908DBD2923612C009E0481 /* TravelInsuranceOptionsRowType.swift in Sources */ = {isa = PBXBuildFile; fileRef = CC908DBA2923612C009E0481 /* TravelInsuranceOptionsRowType.swift */; };
		CC908DBE2923612C009E0481 /* TravelInsuranceAddonServiceResponse.swift in Sources */ = {isa = PBXBuildFile; fileRef = CC908DBB2923612C009E0481 /* TravelInsuranceAddonServiceResponse.swift */; };
		CC908DBF2923612C009E0481 /* TravelInsuranceServiceDetailResponse.swift in Sources */ = {isa = PBXBuildFile; fileRef = CC908DBC2923612C009E0481 /* TravelInsuranceServiceDetailResponse.swift */; };
		CC908DD1292366F2009E0481 /* Covid19TestOptionsRowType.swift in Sources */ = {isa = PBXBuildFile; fileRef = CC908DCE292366F2009E0481 /* Covid19TestOptionsRowType.swift */; };
		CC908DD2292366F2009E0481 /* Covid19TestOptions.swift in Sources */ = {isa = PBXBuildFile; fileRef = CC908DCF292366F2009E0481 /* Covid19TestOptions.swift */; };
		CC908DD3292366F2009E0481 /* CovidTestCenterDetailsResponse.swift in Sources */ = {isa = PBXBuildFile; fileRef = CC908DD0292366F2009E0481 /* CovidTestCenterDetailsResponse.swift */; };
		CC908DD7292368CD009E0481 /* FlightDetailsResponse.swift in Sources */ = {isa = PBXBuildFile; fileRef = CC908DD5292368CD009E0481 /* FlightDetailsResponse.swift */; };
		CC908DD8292368CD009E0481 /* FlightDetailsRequest.swift in Sources */ = {isa = PBXBuildFile; fileRef = CC908DD6292368CD009E0481 /* FlightDetailsRequest.swift */; };
		CC908DF429236A42009E0481 /* STCoreKit.framework in Frameworks */ = {isa = PBXBuildFile; fileRef = CC908DF329236A42009E0481 /* STCoreKit.framework */; };
		CC908DF529236A42009E0481 /* STCoreKit.framework in Embed Frameworks */ = {isa = PBXBuildFile; fileRef = CC908DF329236A42009E0481 /* STCoreKit.framework */; settings = {ATTRIBUTES = (CodeSignOnCopy, RemoveHeadersOnCopy, ); }; };
		CC988964292A28C0003434CB /* FlightSearchRequest.swift in Sources */ = {isa = PBXBuildFile; fileRef = CC988963292A28C0003434CB /* FlightSearchRequest.swift */; };
		CC988970292A2D53003434CB /* FlightAnalaytics.swift in Sources */ = {isa = PBXBuildFile; fileRef = CC98896F292A2D53003434CB /* FlightAnalaytics.swift */; };
		CC988978292A30BB003434CB /* FlightFilterData.swift in Sources */ = {isa = PBXBuildFile; fileRef = CC988977292A30BB003434CB /* FlightFilterData.swift */; };
		CC98897B292A30DB003434CB /* FlightPriceRange.swift in Sources */ = {isa = PBXBuildFile; fileRef = CC98897A292A30DB003434CB /* FlightPriceRange.swift */; };
		CC988980292A3212003434CB /* FlightFilter.swift in Sources */ = {isa = PBXBuildFile; fileRef = CC98897F292A3212003434CB /* FlightFilter.swift */; };
		CC988983292A32DE003434CB /* Airline.swift in Sources */ = {isa = PBXBuildFile; fileRef = CC988982292A32DE003434CB /* Airline.swift */; };
		CC988985292A335E003434CB /* FlightSearchResponse.swift in Sources */ = {isa = PBXBuildFile; fileRef = CC988984292A335E003434CB /* FlightSearchResponse.swift */; };
		CC988987292A33B0003434CB /* Flight.swift in Sources */ = {isa = PBXBuildFile; fileRef = CC988986292A33B0003434CB /* Flight.swift */; };
		CC988989292A33EA003434CB /* FlightBasic.swift in Sources */ = {isa = PBXBuildFile; fileRef = CC988988292A33EA003434CB /* FlightBasic.swift */; };
		CC98898B292A3417003434CB /* FlightSearchModel.swift in Sources */ = {isa = PBXBuildFile; fileRef = CC98898A292A3417003434CB /* FlightSearchModel.swift */; };
		CC98898D292A344F003434CB /* FlightLeg.swift in Sources */ = {isa = PBXBuildFile; fileRef = CC98898C292A344F003434CB /* FlightLeg.swift */; };
		CC988990292A34E8003434CB /* SSRCodes.swift in Sources */ = {isa = PBXBuildFile; fileRef = CC98898F292A34E8003434CB /* SSRCodes.swift */; };
		CC988992292A350D003434CB /* FlightRule.swift in Sources */ = {isa = PBXBuildFile; fileRef = CC988991292A350D003434CB /* FlightRule.swift */; };
		CC988994292A352B003434CB /* Baggage.swift in Sources */ = {isa = PBXBuildFile; fileRef = CC988993292A352B003434CB /* Baggage.swift */; };
		CC988996292A3553003434CB /* PassengerInfo.swift in Sources */ = {isa = PBXBuildFile; fileRef = CC988995292A3553003434CB /* PassengerInfo.swift */; };
		CC988998292A357F003434CB /* FlightTraveller.swift in Sources */ = {isa = PBXBuildFile; fileRef = CC988997292A357F003434CB /* FlightTraveller.swift */; };
		CC98899A292A359F003434CB /* Traveller.swift in Sources */ = {isa = PBXBuildFile; fileRef = CC988999292A359F003434CB /* Traveller.swift */; };
		CC98899C292A35DE003434CB /* RevalidatePrice.swift in Sources */ = {isa = PBXBuildFile; fileRef = CC98899B292A35DE003434CB /* RevalidatePrice.swift */; };
		CC98899E292A3601003434CB /* FlightPriceIndicatorModels.swift in Sources */ = {isa = PBXBuildFile; fileRef = CC98899D292A3601003434CB /* FlightPriceIndicatorModels.swift */; };
		CC9889A1292A3630003434CB /* FlightPromotions.swift in Sources */ = {isa = PBXBuildFile; fileRef = CC9889A0292A3630003434CB /* FlightPromotions.swift */; };
		CC9889A4292A365D003434CB /* FlightBookingHistory.swift in Sources */ = {isa = PBXBuildFile; fileRef = CC9889A3292A365D003434CB /* FlightBookingHistory.swift */; };
		CC9889A6292A367C003434CB /* FlightBookigData.swift in Sources */ = {isa = PBXBuildFile; fileRef = CC9889A5292A367C003434CB /* FlightBookigData.swift */; };
		CC9889B9292A3CC7003434CB /* FlightPassengerInfoValidator.swift in Sources */ = {isa = PBXBuildFile; fileRef = CC9889B8292A3CC7003434CB /* FlightPassengerInfoValidator.swift */; };
		CC9889D0292A4266003434CB /* DateExtension.swift in Sources */ = {isa = PBXBuildFile; fileRef = CC9889CF292A4266003434CB /* DateExtension.swift */; };
		CC9A6AC0292380780075264F /* FlightSortingOptions.swift in Sources */ = {isa = PBXBuildFile; fileRef = CC9A6ABF292380780075264F /* FlightSortingOptions.swift */; };
		CCB01EEF292275A400986950 /* STFlightKit.docc in Sources */ = {isa = PBXBuildFile; fileRef = CCB01EEE292275A400986950 /* STFlightKit.docc */; };
		CCB01EF0292275A400986950 /* STFlightKit.h in Headers */ = {isa = PBXBuildFile; fileRef = CCB01EED292275A400986950 /* STFlightKit.h */; settings = {ATTRIBUTES = (Public, ); }; };
		CCC573182929FEB7007DDF9C /* FlightRouteType.swift in Sources */ = {isa = PBXBuildFile; fileRef = CCC573172929FEB7007DDF9C /* FlightRouteType.swift */; };
		CCC5731A292A00F3007DDF9C /* FlightClass.swift in Sources */ = {isa = PBXBuildFile; fileRef = CCC57319292A00F3007DDF9C /* FlightClass.swift */; };
/* End PBXBuildFile section */

/* Begin PBXCopyFilesBuildPhase section */
		CC908DF629236A42009E0481 /* Embed Frameworks */ = {
			isa = PBXCopyFilesBuildPhase;
			buildActionMask = 2147483647;
			dstPath = "";
			dstSubfolderSpec = 10;
			files = (
				CC908DF529236A42009E0481 /* STCoreKit.framework in Embed Frameworks */,
			);
			name = "Embed Frameworks";
			runOnlyForDeploymentPostprocessing = 0;
		};
/* End PBXCopyFilesBuildPhase section */

/* Begin PBXFileReference section */
		06B874E701DC8D1F56F514DE /* Pods-ShareTrip-STFlightKit.release.xcconfig */ = {isa = PBXFileReference; includeInIndex = 1; lastKnownFileType = text.xcconfig; name = "Pods-ShareTrip-STFlightKit.release.xcconfig"; path = "../STB2C-iOS/Pods/Target Support Files/Pods-ShareTrip-STFlightKit/Pods-ShareTrip-STFlightKit.release.xcconfig"; sourceTree = "<group>"; };
		4049EF4710F19FA177F70BC2 /* Pods-ShareTrip-STFlightKit.debug.xcconfig */ = {isa = PBXFileReference; includeInIndex = 1; lastKnownFileType = text.xcconfig; name = "Pods-ShareTrip-STFlightKit.debug.xcconfig"; path = "../STB2C-iOS/Pods/Target Support Files/Pods-ShareTrip-STFlightKit/Pods-ShareTrip-STFlightKit.debug.xcconfig"; sourceTree = "<group>"; };
		5BE7B3A131157EE073BCA10A /* Pods-STFlightKit.debug.xcconfig */ = {isa = PBXFileReference; includeInIndex = 1; lastKnownFileType = text.xcconfig; name = "Pods-STFlightKit.debug.xcconfig"; path = "../STB2C-iOS/Pods/Target Support Files/Pods-STFlightKit/Pods-STFlightKit.debug.xcconfig"; sourceTree = "<group>"; };
		63712F9836923DDB983B1E65 /* Pods_ShareTrip_STFlightKit.framework */ = {isa = PBXFileReference; explicitFileType = wrapper.framework; includeInIndex = 0; path = Pods_ShareTrip_STFlightKit.framework; sourceTree = BUILT_PRODUCTS_DIR; };
		CC908DB42923604B009E0481 /* BaggageResponse.json */ = {isa = PBXFileReference; fileEncoding = 4; lastKnownFileType = text.json; path = BaggageResponse.json; sourceTree = "<group>"; };
		CC908DB52923604B009E0481 /* Covid19Test.json */ = {isa = PBXFileReference; fileEncoding = 4; lastKnownFileType = text.json; path = Covid19Test.json; sourceTree = "<group>"; };
		CC908DBA2923612C009E0481 /* TravelInsuranceOptionsRowType.swift */ = {isa = PBXFileReference; fileEncoding = 4; lastKnownFileType = sourcecode.swift; path = TravelInsuranceOptionsRowType.swift; sourceTree = "<group>"; };
		CC908DBB2923612C009E0481 /* TravelInsuranceAddonServiceResponse.swift */ = {isa = PBXFileReference; fileEncoding = 4; lastKnownFileType = sourcecode.swift; path = TravelInsuranceAddonServiceResponse.swift; sourceTree = "<group>"; };
		CC908DBC2923612C009E0481 /* TravelInsuranceServiceDetailResponse.swift */ = {isa = PBXFileReference; fileEncoding = 4; lastKnownFileType = sourcecode.swift; path = TravelInsuranceServiceDetailResponse.swift; sourceTree = "<group>"; };
		CC908DCE292366F2009E0481 /* Covid19TestOptionsRowType.swift */ = {isa = PBXFileReference; fileEncoding = 4; lastKnownFileType = sourcecode.swift; path = Covid19TestOptionsRowType.swift; sourceTree = "<group>"; };
		CC908DCF292366F2009E0481 /* Covid19TestOptions.swift */ = {isa = PBXFileReference; fileEncoding = 4; lastKnownFileType = sourcecode.swift; path = Covid19TestOptions.swift; sourceTree = "<group>"; };
		CC908DD0292366F2009E0481 /* CovidTestCenterDetailsResponse.swift */ = {isa = PBXFileReference; fileEncoding = 4; lastKnownFileType = sourcecode.swift; path = CovidTestCenterDetailsResponse.swift; sourceTree = "<group>"; };
		CC908DD5292368CD009E0481 /* FlightDetailsResponse.swift */ = {isa = PBXFileReference; fileEncoding = 4; lastKnownFileType = sourcecode.swift; path = FlightDetailsResponse.swift; sourceTree = "<group>"; };
		CC908DD6292368CD009E0481 /* FlightDetailsRequest.swift */ = {isa = PBXFileReference; fileEncoding = 4; lastKnownFileType = sourcecode.swift; path = FlightDetailsRequest.swift; sourceTree = "<group>"; };
		CC908DF329236A42009E0481 /* STCoreKit.framework */ = {isa = PBXFileReference; explicitFileType = wrapper.framework; path = STCoreKit.framework; sourceTree = BUILT_PRODUCTS_DIR; };
		CC988963292A28C0003434CB /* FlightSearchRequest.swift */ = {isa = PBXFileReference; lastKnownFileType = sourcecode.swift; path = FlightSearchRequest.swift; sourceTree = "<group>"; };
		CC98896F292A2D53003434CB /* FlightAnalaytics.swift */ = {isa = PBXFileReference; lastKnownFileType = sourcecode.swift; path = FlightAnalaytics.swift; sourceTree = "<group>"; };
		CC988977292A30BB003434CB /* FlightFilterData.swift */ = {isa = PBXFileReference; lastKnownFileType = sourcecode.swift; path = FlightFilterData.swift; sourceTree = "<group>"; };
		CC98897A292A30DB003434CB /* FlightPriceRange.swift */ = {isa = PBXFileReference; lastKnownFileType = sourcecode.swift; path = FlightPriceRange.swift; sourceTree = "<group>"; };
		CC98897F292A3212003434CB /* FlightFilter.swift */ = {isa = PBXFileReference; lastKnownFileType = sourcecode.swift; path = FlightFilter.swift; sourceTree = "<group>"; };
		CC988982292A32DE003434CB /* Airline.swift */ = {isa = PBXFileReference; lastKnownFileType = sourcecode.swift; path = Airline.swift; sourceTree = "<group>"; };
		CC988984292A335E003434CB /* FlightSearchResponse.swift */ = {isa = PBXFileReference; lastKnownFileType = sourcecode.swift; path = FlightSearchResponse.swift; sourceTree = "<group>"; };
		CC988986292A33B0003434CB /* Flight.swift */ = {isa = PBXFileReference; lastKnownFileType = sourcecode.swift; path = Flight.swift; sourceTree = "<group>"; };
		CC988988292A33EA003434CB /* FlightBasic.swift */ = {isa = PBXFileReference; lastKnownFileType = sourcecode.swift; path = FlightBasic.swift; sourceTree = "<group>"; };
		CC98898A292A3417003434CB /* FlightSearchModel.swift */ = {isa = PBXFileReference; lastKnownFileType = sourcecode.swift; path = FlightSearchModel.swift; sourceTree = "<group>"; };
		CC98898C292A344F003434CB /* FlightLeg.swift */ = {isa = PBXFileReference; lastKnownFileType = sourcecode.swift; path = FlightLeg.swift; sourceTree = "<group>"; };
		CC98898F292A34E8003434CB /* SSRCodes.swift */ = {isa = PBXFileReference; lastKnownFileType = sourcecode.swift; path = SSRCodes.swift; sourceTree = "<group>"; };
		CC988991292A350D003434CB /* FlightRule.swift */ = {isa = PBXFileReference; lastKnownFileType = sourcecode.swift; path = FlightRule.swift; sourceTree = "<group>"; };
		CC988993292A352B003434CB /* Baggage.swift */ = {isa = PBXFileReference; lastKnownFileType = sourcecode.swift; path = Baggage.swift; sourceTree = "<group>"; };
		CC988995292A3553003434CB /* PassengerInfo.swift */ = {isa = PBXFileReference; lastKnownFileType = sourcecode.swift; path = PassengerInfo.swift; sourceTree = "<group>"; };
		CC988997292A357F003434CB /* FlightTraveller.swift */ = {isa = PBXFileReference; lastKnownFileType = sourcecode.swift; path = FlightTraveller.swift; sourceTree = "<group>"; };
		CC988999292A359F003434CB /* Traveller.swift */ = {isa = PBXFileReference; lastKnownFileType = sourcecode.swift; path = Traveller.swift; sourceTree = "<group>"; };
		CC98899B292A35DE003434CB /* RevalidatePrice.swift */ = {isa = PBXFileReference; lastKnownFileType = sourcecode.swift; path = RevalidatePrice.swift; sourceTree = "<group>"; };
		CC98899D292A3601003434CB /* FlightPriceIndicatorModels.swift */ = {isa = PBXFileReference; lastKnownFileType = sourcecode.swift; path = FlightPriceIndicatorModels.swift; sourceTree = "<group>"; };
		CC9889A0292A3630003434CB /* FlightPromotions.swift */ = {isa = PBXFileReference; lastKnownFileType = sourcecode.swift; path = FlightPromotions.swift; sourceTree = "<group>"; };
		CC9889A3292A365D003434CB /* FlightBookingHistory.swift */ = {isa = PBXFileReference; lastKnownFileType = sourcecode.swift; path = FlightBookingHistory.swift; sourceTree = "<group>"; };
		CC9889A5292A367C003434CB /* FlightBookigData.swift */ = {isa = PBXFileReference; lastKnownFileType = sourcecode.swift; path = FlightBookigData.swift; sourceTree = "<group>"; };
		CC9889B8292A3CC7003434CB /* FlightPassengerInfoValidator.swift */ = {isa = PBXFileReference; lastKnownFileType = sourcecode.swift; path = FlightPassengerInfoValidator.swift; sourceTree = "<group>"; };
		CC9889CF292A4266003434CB /* DateExtension.swift */ = {isa = PBXFileReference; lastKnownFileType = sourcecode.swift; path = DateExtension.swift; sourceTree = "<group>"; };
		CC9A6ABF292380780075264F /* FlightSortingOptions.swift */ = {isa = PBXFileReference; lastKnownFileType = sourcecode.swift; path = FlightSortingOptions.swift; sourceTree = "<group>"; };
		CCB01EEA292275A400986950 /* STFlightKit.framework */ = {isa = PBXFileReference; explicitFileType = wrapper.framework; includeInIndex = 0; path = STFlightKit.framework; sourceTree = BUILT_PRODUCTS_DIR; };
		CCB01EED292275A400986950 /* STFlightKit.h */ = {isa = PBXFileReference; lastKnownFileType = sourcecode.c.h; path = STFlightKit.h; sourceTree = "<group>"; };
		CCB01EEE292275A400986950 /* STFlightKit.docc */ = {isa = PBXFileReference; lastKnownFileType = folder.documentationcatalog; path = STFlightKit.docc; sourceTree = "<group>"; };
		CCC573172929FEB7007DDF9C /* FlightRouteType.swift */ = {isa = PBXFileReference; lastKnownFileType = sourcecode.swift; path = FlightRouteType.swift; sourceTree = "<group>"; };
		CCC57319292A00F3007DDF9C /* FlightClass.swift */ = {isa = PBXFileReference; lastKnownFileType = sourcecode.swift; path = FlightClass.swift; sourceTree = "<group>"; };
		DE83EDE5BB45CE768A11E57B /* Pods-STFlightKit.release.xcconfig */ = {isa = PBXFileReference; includeInIndex = 1; lastKnownFileType = text.xcconfig; name = "Pods-STFlightKit.release.xcconfig"; path = "../STB2C-iOS/Pods/Target Support Files/Pods-STFlightKit/Pods-STFlightKit.release.xcconfig"; sourceTree = "<group>"; };
/* End PBXFileReference section */

/* Begin PBXFrameworksBuildPhase section */
		CCB01EE7292275A400986950 /* Frameworks */ = {
			isa = PBXFrameworksBuildPhase;
			buildActionMask = 2147483647;
			files = (
				CC908DF429236A42009E0481 /* STCoreKit.framework in Frameworks */,
				7E85027A71582405BAFAF54F /* Pods_ShareTrip_STFlightKit.framework in Frameworks */,
			);
			runOnlyForDeploymentPostprocessing = 0;
		};
/* End PBXFrameworksBuildPhase section */

/* Begin PBXGroup section */
		54930032D288631BD271E48E /* Pods */ = {
			isa = PBXGroup;
			children = (
				5BE7B3A131157EE073BCA10A /* Pods-STFlightKit.debug.xcconfig */,
				DE83EDE5BB45CE768A11E57B /* Pods-STFlightKit.release.xcconfig */,
				4049EF4710F19FA177F70BC2 /* Pods-ShareTrip-STFlightKit.debug.xcconfig */,
				06B874E701DC8D1F56F514DE /* Pods-ShareTrip-STFlightKit.release.xcconfig */,
			);
			name = Pods;
			path = ../../Pods;
			sourceTree = "<group>";
		};
		CC908DB329236036009E0481 /* Resources */ = {
			isa = PBXGroup;
			children = (
				CC908DB42923604B009E0481 /* BaggageResponse.json */,
				CC908DB52923604B009E0481 /* Covid19Test.json */,
			);
			path = Resources;
			sourceTree = "<group>";
		};
		CC908DB8292360CC009E0481 /* Models */ = {
			isa = PBXGroup;
			children = (
				CC9889B7292A3CB4003434CB /* Validators */,
				CC9889A2292A364A003434CB /* Booking History */,
				CC98899F292A361D003434CB /* Promotions */,
				CC908DCD292366F2009E0481 /* Covid */,
				CC908DD4292368CD009E0481 /* Details */,
				CC988976292A30AD003434CB /* Filter */,
				CCC573162929FE91007DDF9C /* Flight */,
				CC908DB92923611D009E0481 /* Insurance */,
				CC98898E292A34C0003434CB /* Passenger */,
				CC988979292A30D4003434CB /* Pricing */,
				CC9A6ABE292380660075264F /* Search */,
			);
			path = Models;
			sourceTree = "<group>";
		};
		CC908DB92923611D009E0481 /* Insurance */ = {
			isa = PBXGroup;
			children = (
				CC908DBB2923612C009E0481 /* TravelInsuranceAddonServiceResponse.swift */,
				CC908DBC2923612C009E0481 /* TravelInsuranceServiceDetailResponse.swift */,
				CC908DBA2923612C009E0481 /* TravelInsuranceOptionsRowType.swift */,
			);
			path = Insurance;
			sourceTree = "<group>";
		};
		CC908DCD292366F2009E0481 /* Covid */ = {
			isa = PBXGroup;
			children = (
				CC908DCE292366F2009E0481 /* Covid19TestOptionsRowType.swift */,
				CC908DCF292366F2009E0481 /* Covid19TestOptions.swift */,
				CC908DD0292366F2009E0481 /* CovidTestCenterDetailsResponse.swift */,
			);
			path = Covid;
			sourceTree = "<group>";
		};
		CC908DD4292368CD009E0481 /* Details */ = {
			isa = PBXGroup;
			children = (
				CC908DD5292368CD009E0481 /* FlightDetailsResponse.swift */,
				CC908DD6292368CD009E0481 /* FlightDetailsRequest.swift */,
			);
			path = Details;
			sourceTree = "<group>";
		};
		CC908DF229236A42009E0481 /* Frameworks */ = {
			isa = PBXGroup;
			children = (
				CC908DF329236A42009E0481 /* STCoreKit.framework */,
				63712F9836923DDB983B1E65 /* Pods_ShareTrip_STFlightKit.framework */,
			);
			name = Frameworks;
			sourceTree = "<group>";
		};
		CC98896E292A2D44003434CB /* Analytics */ = {
			isa = PBXGroup;
			children = (
				CC98896F292A2D53003434CB /* FlightAnalaytics.swift */,
			);
			path = Analytics;
			sourceTree = "<group>";
		};
		CC988976292A30AD003434CB /* Filter */ = {
			isa = PBXGroup;
			children = (
				CC988977292A30BB003434CB /* FlightFilterData.swift */,
				CC98897F292A3212003434CB /* FlightFilter.swift */,
			);
			path = Filter;
			sourceTree = "<group>";
		};
		CC988979292A30D4003434CB /* Pricing */ = {
			isa = PBXGroup;
			children = (
				CC98897A292A30DB003434CB /* FlightPriceRange.swift */,
				CC98899B292A35DE003434CB /* RevalidatePrice.swift */,
				CC98899D292A3601003434CB /* FlightPriceIndicatorModels.swift */,
			);
			path = Pricing;
			sourceTree = "<group>";
		};
		CC98898E292A34C0003434CB /* Passenger */ = {
			isa = PBXGroup;
			children = (
				CC98898F292A34E8003434CB /* SSRCodes.swift */,
				CC988991292A350D003434CB /* FlightRule.swift */,
				CC988993292A352B003434CB /* Baggage.swift */,
				CC988995292A3553003434CB /* PassengerInfo.swift */,
				CC988997292A357F003434CB /* FlightTraveller.swift */,
				CC988999292A359F003434CB /* Traveller.swift */,
			);
			path = Passenger;
			sourceTree = "<group>";
		};
		CC98899F292A361D003434CB /* Promotions */ = {
			isa = PBXGroup;
			children = (
				CC9889A0292A3630003434CB /* FlightPromotions.swift */,
			);
			path = Promotions;
			sourceTree = "<group>";
		};
		CC9889A2292A364A003434CB /* Booking History */ = {
			isa = PBXGroup;
			children = (
				CC9889A3292A365D003434CB /* FlightBookingHistory.swift */,
				CC9889A5292A367C003434CB /* FlightBookigData.swift */,
			);
			path = "Booking History";
			sourceTree = "<group>";
		};
		CC9889B7292A3CB4003434CB /* Validators */ = {
			isa = PBXGroup;
			children = (
				CC9889B8292A3CC7003434CB /* FlightPassengerInfoValidator.swift */,
			);
			path = Validators;
			sourceTree = "<group>";
		};
		CC9889CD292A4248003434CB /* Extension */ = {
			isa = PBXGroup;
			children = (
				CC9889CE292A425A003434CB /* Date */,
			);
			path = Extension;
			sourceTree = "<group>";
		};
		CC9889CE292A425A003434CB /* Date */ = {
			isa = PBXGroup;
			children = (
				CC9889CF292A4266003434CB /* DateExtension.swift */,
			);
			path = Date;
			sourceTree = "<group>";
		};
		CC9A6ABE292380660075264F /* Search */ = {
			isa = PBXGroup;
			children = (
				CC9A6ABF292380780075264F /* FlightSortingOptions.swift */,
				CC988963292A28C0003434CB /* FlightSearchRequest.swift */,
				CC988984292A335E003434CB /* FlightSearchResponse.swift */,
				CC98898A292A3417003434CB /* FlightSearchModel.swift */,
				CC98898C292A344F003434CB /* FlightLeg.swift */,
			);
			path = Search;
			sourceTree = "<group>";
		};
		CCB01EE0292275A400986950 = {
			isa = PBXGroup;
			children = (
				CCB01EEC292275A400986950 /* STFlightKit */,
				CCB01EEB292275A400986950 /* Products */,
				CC908DF229236A42009E0481 /* Frameworks */,
				54930032D288631BD271E48E /* Pods */,
			);
			sourceTree = "<group>";
		};
		CCB01EEB292275A400986950 /* Products */ = {
			isa = PBXGroup;
			children = (
				CCB01EEA292275A400986950 /* STFlightKit.framework */,
			);
			name = Products;
			sourceTree = "<group>";
		};
		CCB01EEC292275A400986950 /* STFlightKit */ = {
			isa = PBXGroup;
			children = (
				CC98896E292A2D44003434CB /* Analytics */,
				CC9889CD292A4248003434CB /* Extension */,
				CC908DB8292360CC009E0481 /* Models */,
				CC908DB329236036009E0481 /* Resources */,
				CCB01EEE292275A400986950 /* STFlightKit.docc */,
				CCB01EED292275A400986950 /* STFlightKit.h */,
			);
			path = STFlightKit;
			sourceTree = "<group>";
		};
		CCC573162929FE91007DDF9C /* Flight */ = {
			isa = PBXGroup;
			children = (
				CC988982292A32DE003434CB /* Airline.swift */,
				CC988986292A33B0003434CB /* Flight.swift */,
				CC988988292A33EA003434CB /* FlightBasic.swift */,
				CCC57319292A00F3007DDF9C /* FlightClass.swift */,
				CCC573172929FEB7007DDF9C /* FlightRouteType.swift */,
			);
			path = Flight;
			sourceTree = "<group>";
		};
/* End PBXGroup section */

/* Begin PBXHeadersBuildPhase section */
		CCB01EE5292275A400986950 /* Headers */ = {
			isa = PBXHeadersBuildPhase;
			buildActionMask = 2147483647;
			files = (
				CCB01EF0292275A400986950 /* STFlightKit.h in Headers */,
			);
			runOnlyForDeploymentPostprocessing = 0;
		};
/* End PBXHeadersBuildPhase section */

/* Begin PBXNativeTarget section */
		CCB01EE9292275A400986950 /* STFlightKit */ = {
			isa = PBXNativeTarget;
			buildConfigurationList = CCB01EF3292275A400986950 /* Build configuration list for PBXNativeTarget "STFlightKit" */;
			buildPhases = (
				9736F3DD66ED680BD656086C /* [CP] Check Pods Manifest.lock */,
				CCB01EE5292275A400986950 /* Headers */,
				CCB01EE6292275A400986950 /* Sources */,
				CCB01EE7292275A400986950 /* Frameworks */,
				CCB01EE8292275A400986950 /* Resources */,
				CC908DF629236A42009E0481 /* Embed Frameworks */,
			);
			buildRules = (
			);
			dependencies = (
			);
			name = STFlightKit;
			productName = STFlightKit;
			productReference = CCB01EEA292275A400986950 /* STFlightKit.framework */;
			productType = "com.apple.product-type.framework";
		};
/* End PBXNativeTarget section */

/* Begin PBXProject section */
		CCB01EE1292275A400986950 /* Project object */ = {
			isa = PBXProject;
			attributes = {
				BuildIndependentTargetsInParallel = 1;
				LastUpgradeCheck = 1400;
				TargetAttributes = {
					CCB01EE9292275A400986950 = {
						CreatedOnToolsVersion = 14.0.1;
					};
				};
			};
			buildConfigurationList = CCB01EE4292275A400986950 /* Build configuration list for PBXProject "STFlightKit" */;
			compatibilityVersion = "Xcode 14.0";
			developmentRegion = en;
			hasScannedForEncodings = 0;
			knownRegions = (
				en,
				Base,
			);
			mainGroup = CCB01EE0292275A400986950;
			productRefGroup = CCB01EEB292275A400986950 /* Products */;
			projectDirPath = "";
			projectRoot = "";
			targets = (
				CCB01EE9292275A400986950 /* STFlightKit */,
			);
		};
/* End PBXProject section */

/* Begin PBXResourcesBuildPhase section */
		CCB01EE8292275A400986950 /* Resources */ = {
			isa = PBXResourcesBuildPhase;
			buildActionMask = 2147483647;
			files = (
				CC908DB62923604B009E0481 /* BaggageResponse.json in Resources */,
				CC908DB72923604B009E0481 /* Covid19Test.json in Resources */,
			);
			runOnlyForDeploymentPostprocessing = 0;
		};
/* End PBXResourcesBuildPhase section */

/* Begin PBXShellScriptBuildPhase section */
		9736F3DD66ED680BD656086C /* [CP] Check Pods Manifest.lock */ = {
			isa = PBXShellScriptBuildPhase;
			buildActionMask = 2147483647;
			files = (
			);
			inputFileListPaths = (
			);
			inputPaths = (
				"${PODS_PODFILE_DIR_PATH}/Podfile.lock",
				"${PODS_ROOT}/Manifest.lock",
			);
			name = "[CP] Check Pods Manifest.lock";
			outputFileListPaths = (
			);
			outputPaths = (
				"$(DERIVED_FILE_DIR)/Pods-ShareTrip-STFlightKit-checkManifestLockResult.txt",
			);
			runOnlyForDeploymentPostprocessing = 0;
			shellPath = /bin/sh;
			shellScript = "diff \"${PODS_PODFILE_DIR_PATH}/Podfile.lock\" \"${PODS_ROOT}/Manifest.lock\" > /dev/null\nif [ $? != 0 ] ; then\n    # print error to STDERR\n    echo \"error: The sandbox is not in sync with the Podfile.lock. Run 'pod install' or update your CocoaPods installation.\" >&2\n    exit 1\nfi\n# This output is used by Xcode 'outputs' to avoid re-running this script phase.\necho \"SUCCESS\" > \"${SCRIPT_OUTPUT_FILE_0}\"\n";
			showEnvVarsInLog = 0;
		};
/* End PBXShellScriptBuildPhase section */

/* Begin PBXSourcesBuildPhase section */
		CCB01EE6292275A400986950 /* Sources */ = {
			isa = PBXSourcesBuildPhase;
			buildActionMask = 2147483647;
			files = (
				CC9889B9292A3CC7003434CB /* FlightPassengerInfoValidator.swift in Sources */,
				CC988970292A2D53003434CB /* FlightAnalaytics.swift in Sources */,
				CCC5731A292A00F3007DDF9C /* FlightClass.swift in Sources */,
				CC988992292A350D003434CB /* FlightRule.swift in Sources */,
				CC908DBD2923612C009E0481 /* TravelInsuranceOptionsRowType.swift in Sources */,
				CC9889A4292A365D003434CB /* FlightBookingHistory.swift in Sources */,
				CC98898B292A3417003434CB /* FlightSearchModel.swift in Sources */,
				CC9A6AC0292380780075264F /* FlightSortingOptions.swift in Sources */,
				CC908DD7292368CD009E0481 /* FlightDetailsResponse.swift in Sources */,
				CC988998292A357F003434CB /* FlightTraveller.swift in Sources */,
				CC988980292A3212003434CB /* FlightFilter.swift in Sources */,
				CC9889A1292A3630003434CB /* FlightPromotions.swift in Sources */,
				CC988983292A32DE003434CB /* Airline.swift in Sources */,
				CC9889D0292A4266003434CB /* DateExtension.swift in Sources */,
				CC988989292A33EA003434CB /* FlightBasic.swift in Sources */,
				CC988964292A28C0003434CB /* FlightSearchRequest.swift in Sources */,
				CCB01EEF292275A400986950 /* STFlightKit.docc in Sources */,
				CC988994292A352B003434CB /* Baggage.swift in Sources */,
				CCC573182929FEB7007DDF9C /* FlightRouteType.swift in Sources */,
				CC908DD8292368CD009E0481 /* FlightDetailsRequest.swift in Sources */,
				CC908DD2292366F2009E0481 /* Covid19TestOptions.swift in Sources */,
				CC988985292A335E003434CB /* FlightSearchResponse.swift in Sources */,
				CC9889A6292A367C003434CB /* FlightBookigData.swift in Sources */,
				CC988987292A33B0003434CB /* Flight.swift in Sources */,
				CC98898D292A344F003434CB /* FlightLeg.swift in Sources */,
				CC908DBF2923612C009E0481 /* TravelInsuranceServiceDetailResponse.swift in Sources */,
				CC988978292A30BB003434CB /* FlightFilterData.swift in Sources */,
				CC98899A292A359F003434CB /* Traveller.swift in Sources */,
				CC908DD1292366F2009E0481 /* Covid19TestOptionsRowType.swift in Sources */,
				CC908DBE2923612C009E0481 /* TravelInsuranceAddonServiceResponse.swift in Sources */,
				CC988996292A3553003434CB /* PassengerInfo.swift in Sources */,
				CC98899E292A3601003434CB /* FlightPriceIndicatorModels.swift in Sources */,
				CC908DD3292366F2009E0481 /* CovidTestCenterDetailsResponse.swift in Sources */,
				CC98897B292A30DB003434CB /* FlightPriceRange.swift in Sources */,
				CC98899C292A35DE003434CB /* RevalidatePrice.swift in Sources */,
				CC988990292A34E8003434CB /* SSRCodes.swift in Sources */,
			);
			runOnlyForDeploymentPostprocessing = 0;
		};
/* End PBXSourcesBuildPhase section */

/* Begin XCBuildConfiguration section */
		CCB01EF1292275A400986950 /* Debug */ = {
			isa = XCBuildConfiguration;
			buildSettings = {
				ALWAYS_SEARCH_USER_PATHS = NO;
				CLANG_ANALYZER_NONNULL = YES;
				CLANG_ANALYZER_NUMBER_OBJECT_CONVERSION = YES_AGGRESSIVE;
				CLANG_CXX_LANGUAGE_STANDARD = "gnu++20";
				CLANG_ENABLE_MODULES = YES;
				CLANG_ENABLE_OBJC_ARC = YES;
				CLANG_ENABLE_OBJC_WEAK = YES;
				CLANG_WARN_BLOCK_CAPTURE_AUTORELEASING = YES;
				CLANG_WARN_BOOL_CONVERSION = YES;
				CLANG_WARN_COMMA = YES;
				CLANG_WARN_CONSTANT_CONVERSION = YES;
				CLANG_WARN_DEPRECATED_OBJC_IMPLEMENTATIONS = YES;
				CLANG_WARN_DIRECT_OBJC_ISA_USAGE = YES_ERROR;
				CLANG_WARN_DOCUMENTATION_COMMENTS = YES;
				CLANG_WARN_EMPTY_BODY = YES;
				CLANG_WARN_ENUM_CONVERSION = YES;
				CLANG_WARN_INFINITE_RECURSION = YES;
				CLANG_WARN_INT_CONVERSION = YES;
				CLANG_WARN_NON_LITERAL_NULL_CONVERSION = YES;
				CLANG_WARN_OBJC_IMPLICIT_RETAIN_SELF = YES;
				CLANG_WARN_OBJC_LITERAL_CONVERSION = YES;
				CLANG_WARN_OBJC_ROOT_CLASS = YES_ERROR;
				CLANG_WARN_QUOTED_INCLUDE_IN_FRAMEWORK_HEADER = YES;
				CLANG_WARN_RANGE_LOOP_ANALYSIS = YES;
				CLANG_WARN_STRICT_PROTOTYPES = YES;
				CLANG_WARN_SUSPICIOUS_MOVE = YES;
				CLANG_WARN_UNGUARDED_AVAILABILITY = YES_AGGRESSIVE;
				CLANG_WARN_UNREACHABLE_CODE = YES;
				CLANG_WARN__DUPLICATE_METHOD_MATCH = YES;
				COPY_PHASE_STRIP = NO;
				CURRENT_PROJECT_VERSION = 1;
				DEBUG_INFORMATION_FORMAT = dwarf;
				ENABLE_STRICT_OBJC_MSGSEND = YES;
				ENABLE_TESTABILITY = YES;
				GCC_C_LANGUAGE_STANDARD = gnu11;
				GCC_DYNAMIC_NO_PIC = NO;
				GCC_NO_COMMON_BLOCKS = YES;
				GCC_OPTIMIZATION_LEVEL = 0;
				GCC_PREPROCESSOR_DEFINITIONS = (
					"DEBUG=1",
					"$(inherited)",
				);
				GCC_WARN_64_TO_32_BIT_CONVERSION = YES;
				GCC_WARN_ABOUT_RETURN_TYPE = YES_ERROR;
				GCC_WARN_UNDECLARED_SELECTOR = YES;
				GCC_WARN_UNINITIALIZED_AUTOS = YES_AGGRESSIVE;
				GCC_WARN_UNUSED_FUNCTION = YES;
				GCC_WARN_UNUSED_VARIABLE = YES;
				IPHONEOS_DEPLOYMENT_TARGET = 13.0;
				MTL_ENABLE_DEBUG_INFO = INCLUDE_SOURCE;
				MTL_FAST_MATH = YES;
				ONLY_ACTIVE_ARCH = YES;
				SDKROOT = iphoneos;
				SWIFT_ACTIVE_COMPILATION_CONDITIONS = DEBUG;
				SWIFT_OPTIMIZATION_LEVEL = "-Onone";
				VERSIONING_SYSTEM = "apple-generic";
				VERSION_INFO_PREFIX = "";
			};
			name = Debug;
		};
		CCB01EF2292275A400986950 /* Release */ = {
			isa = XCBuildConfiguration;
			buildSettings = {
				ALWAYS_SEARCH_USER_PATHS = NO;
				CLANG_ANALYZER_NONNULL = YES;
				CLANG_ANALYZER_NUMBER_OBJECT_CONVERSION = YES_AGGRESSIVE;
				CLANG_CXX_LANGUAGE_STANDARD = "gnu++20";
				CLANG_ENABLE_MODULES = YES;
				CLANG_ENABLE_OBJC_ARC = YES;
				CLANG_ENABLE_OBJC_WEAK = YES;
				CLANG_WARN_BLOCK_CAPTURE_AUTORELEASING = YES;
				CLANG_WARN_BOOL_CONVERSION = YES;
				CLANG_WARN_COMMA = YES;
				CLANG_WARN_CONSTANT_CONVERSION = YES;
				CLANG_WARN_DEPRECATED_OBJC_IMPLEMENTATIONS = YES;
				CLANG_WARN_DIRECT_OBJC_ISA_USAGE = YES_ERROR;
				CLANG_WARN_DOCUMENTATION_COMMENTS = YES;
				CLANG_WARN_EMPTY_BODY = YES;
				CLANG_WARN_ENUM_CONVERSION = YES;
				CLANG_WARN_INFINITE_RECURSION = YES;
				CLANG_WARN_INT_CONVERSION = YES;
				CLANG_WARN_NON_LITERAL_NULL_CONVERSION = YES;
				CLANG_WARN_OBJC_IMPLICIT_RETAIN_SELF = YES;
				CLANG_WARN_OBJC_LITERAL_CONVERSION = YES;
				CLANG_WARN_OBJC_ROOT_CLASS = YES_ERROR;
				CLANG_WARN_QUOTED_INCLUDE_IN_FRAMEWORK_HEADER = YES;
				CLANG_WARN_RANGE_LOOP_ANALYSIS = YES;
				CLANG_WARN_STRICT_PROTOTYPES = YES;
				CLANG_WARN_SUSPICIOUS_MOVE = YES;
				CLANG_WARN_UNGUARDED_AVAILABILITY = YES_AGGRESSIVE;
				CLANG_WARN_UNREACHABLE_CODE = YES;
				CLANG_WARN__DUPLICATE_METHOD_MATCH = YES;
				COPY_PHASE_STRIP = NO;
				CURRENT_PROJECT_VERSION = 1;
				DEBUG_INFORMATION_FORMAT = "dwarf-with-dsym";
				ENABLE_NS_ASSERTIONS = NO;
				ENABLE_STRICT_OBJC_MSGSEND = YES;
				GCC_C_LANGUAGE_STANDARD = gnu11;
				GCC_NO_COMMON_BLOCKS = YES;
				GCC_WARN_64_TO_32_BIT_CONVERSION = YES;
				GCC_WARN_ABOUT_RETURN_TYPE = YES_ERROR;
				GCC_WARN_UNDECLARED_SELECTOR = YES;
				GCC_WARN_UNINITIALIZED_AUTOS = YES_AGGRESSIVE;
				GCC_WARN_UNUSED_FUNCTION = YES;
				GCC_WARN_UNUSED_VARIABLE = YES;
				IPHONEOS_DEPLOYMENT_TARGET = 13.0;
				MTL_ENABLE_DEBUG_INFO = NO;
				MTL_FAST_MATH = YES;
				SDKROOT = iphoneos;
				SWIFT_COMPILATION_MODE = wholemodule;
				SWIFT_OPTIMIZATION_LEVEL = "-O";
				VALIDATE_PRODUCT = YES;
				VERSIONING_SYSTEM = "apple-generic";
				VERSION_INFO_PREFIX = "";
			};
			name = Release;
		};
		CCB01EF4292275A400986950 /* Debug */ = {
			isa = XCBuildConfiguration;
			baseConfigurationReference = 4049EF4710F19FA177F70BC2 /* Pods-ShareTrip-STFlightKit.debug.xcconfig */;
			buildSettings = {
				CODE_SIGN_STYLE = Automatic;
				CURRENT_PROJECT_VERSION = 1;
				DEFINES_MODULE = YES;
				DEVELOPMENT_TEAM = YDN344UV2Z;
				DYLIB_COMPATIBILITY_VERSION = 1;
				DYLIB_CURRENT_VERSION = 1;
				DYLIB_INSTALL_NAME_BASE = "@rpath";
				GENERATE_INFOPLIST_FILE = YES;
				INFOPLIST_KEY_NSHumanReadableCopyright = "";
				INSTALL_PATH = "$(LOCAL_LIBRARY_DIR)/Frameworks";
				IPHONEOS_DEPLOYMENT_TARGET = 13.0;
				LD_RUNPATH_SEARCH_PATHS = (
					"$(inherited)",
					"@executable_path/Frameworks",
					"@loader_path/Frameworks",
				);
				MARKETING_VERSION = 1.0;
				PRODUCT_BUNDLE_IDENTIFIER = net.sharetrip.ios.flight.STFlightKit;
				PRODUCT_NAME = "$(TARGET_NAME:c99extidentifier)";
				SKIP_INSTALL = YES;
				SUPPORTED_PLATFORMS = "iphoneos iphonesimulator";
				SUPPORTS_MACCATALYST = NO;
				SUPPORTS_MAC_DESIGNED_FOR_IPHONE_IPAD = NO;
				SWIFT_EMIT_LOC_STRINGS = YES;
				SWIFT_VERSION = 5.0;
				TARGETED_DEVICE_FAMILY = "1,2";
			};
			name = Debug;
		};
		CCB01EF5292275A400986950 /* Release */ = {
			isa = XCBuildConfiguration;
			baseConfigurationReference = 06B874E701DC8D1F56F514DE /* Pods-ShareTrip-STFlightKit.release.xcconfig */;
			buildSettings = {
				CODE_SIGN_STYLE = Automatic;
				CURRENT_PROJECT_VERSION = 1;
				DEFINES_MODULE = YES;
				DEVELOPMENT_TEAM = YDN344UV2Z;
				DYLIB_COMPATIBILITY_VERSION = 1;
				DYLIB_CURRENT_VERSION = 1;
				DYLIB_INSTALL_NAME_BASE = "@rpath";
				GENERATE_INFOPLIST_FILE = YES;
				INFOPLIST_KEY_NSHumanReadableCopyright = "";
				INSTALL_PATH = "$(LOCAL_LIBRARY_DIR)/Frameworks";
				IPHONEOS_DEPLOYMENT_TARGET = 13.0;
				LD_RUNPATH_SEARCH_PATHS = (
					"$(inherited)",
					"@executable_path/Frameworks",
					"@loader_path/Frameworks",
				);
				MARKETING_VERSION = 1.0;
				PRODUCT_BUNDLE_IDENTIFIER = net.sharetrip.ios.flight.STFlightKit;
				PRODUCT_NAME = "$(TARGET_NAME:c99extidentifier)";
				SKIP_INSTALL = YES;
				SUPPORTED_PLATFORMS = "iphoneos iphonesimulator";
				SUPPORTS_MACCATALYST = NO;
				SUPPORTS_MAC_DESIGNED_FOR_IPHONE_IPAD = NO;
				SWIFT_EMIT_LOC_STRINGS = YES;
				SWIFT_VERSION = 5.0;
				TARGETED_DEVICE_FAMILY = "1,2";
			};
			name = Release;
		};
/* End XCBuildConfiguration section */

/* Begin XCConfigurationList section */
		CCB01EE4292275A400986950 /* Build configuration list for PBXProject "STFlightKit" */ = {
			isa = XCConfigurationList;
			buildConfigurations = (
				CCB01EF1292275A400986950 /* Debug */,
				CCB01EF2292275A400986950 /* Release */,
			);
			defaultConfigurationIsVisible = 0;
			defaultConfigurationName = Release;
		};
		CCB01EF3292275A400986950 /* Build configuration list for PBXNativeTarget "STFlightKit" */ = {
			isa = XCConfigurationList;
			buildConfigurations = (
				CCB01EF4292275A400986950 /* Debug */,
				CCB01EF5292275A400986950 /* Release */,
			);
			defaultConfigurationIsVisible = 0;
			defaultConfigurationName = Release;
		};
/* End XCConfigurationList section */
	};
	rootObject = CCB01EE1292275A400986950 /* Project object */;
}
